
Microsoft Visual Studio Solution File, Format Version 12.00
# Visual Studio 15
VisualStudioVersion = 15.0.27428.2015
MinimumVisualStudioVersion = 10.0.40219.1
Project("{FAE04EC0-301F-11D3-BF4B-00C04F79EFBC}") = "K-means", "K-means\K-means.csproj", "{3AFA99AC-9E70-4792-82E3-33E1950C7F32}"
EndProject
Global
	GlobalSection(SolutionConfigurationPlatforms) = preSolution
		Debug|Any CPU = Debug|Any CPU
		Release|Any CPU = Release|Any CPU
	EndGlobalSection
	GlobalSection(ProjectConfigurationPlatforms) = postSolution
		{3AFA99AC-9E70-4792-82E3-33E1950C7F32}.Debug|Any CPU.ActiveCfg = Debug|Any CPU
		{3AFA99AC-9E70-4792-82E3-33E1950C7F32}.Debug|Any CPU.Build.0 = Debug|Any CPU
		{3AFA99AC-9E70-4792-82E3-33E1950C7F32}.Release|Any CPU.ActiveCfg = Release|Any CPU
		{3AFA99AC-9E70-4792-82E3-33E1950C7F32}.Release|Any CPU.Build.0 = Release|Any CPU
	EndGlobalSection
	GlobalSection(SolutionProperties) = preSolution
		HideSolutionNode = FALSE
	EndGlobalSection
	GlobalSection(ExtensibilityGlobals) = postSolution
		SolutionGuid = {3EB8FA82-19F1-4D3B-9AB1-D50288BB26BE}
	EndGlobalSection
EndGlobal
