
Microsoft Visual Studio Solution File, Format Version 12.00
# Visual Studio Version 16
VisualStudioVersion = 16.0.30413.136
MinimumVisualStudioVersion = 10.0.40219.1
Project("{FAE04EC0-301F-11D3-BF4B-00C04F79EFBC}") = "PFCM-R_m", "PFCM-R_m\PFCM-R_m.csproj", "{19FB10F3-8904-4946-B057-9FD3D189C284}"
EndProject
Global
	GlobalSection(SolutionConfigurationPlatforms) = preSolution
		Debug|Any CPU = Debug|Any CPU
		Release|Any CPU = Release|Any CPU
	EndGlobalSection
	GlobalSection(ProjectConfigurationPlatforms) = postSolution
		{19FB10F3-8904-4946-B057-9FD3D189C284}.Debug|Any CPU.ActiveCfg = Debug|Any CPU
		{19FB10F3-8904-4946-B057-9FD3D189C284}.Debug|Any CPU.Build.0 = Debug|Any CPU
		{19FB10F3-8904-4946-B057-9FD3D189C284}.Release|Any CPU.ActiveCfg = Release|Any CPU
		{19FB10F3-8904-4946-B057-9FD3D189C284}.Release|Any CPU.Build.0 = Release|Any CPU
	EndGlobalSection
	GlobalSection(SolutionProperties) = preSolution
		HideSolutionNode = FALSE
	EndGlobalSection
	GlobalSection(ExtensibilityGlobals) = postSolution
		SolutionGuid = {B1CF73B4-5BCC-40CF-ADFF-F415E0915A10}
	EndGlobalSection
EndGlobal
