
Microsoft Visual Studio Solution File, Format Version 12.00
# Visual Studio 15
VisualStudioVersion = 15.0.27428.2015
MinimumVisualStudioVersion = 10.0.40219.1
Project("{FAE04EC0-301F-11D3-BF4B-00C04F79EFBC}") = "Max_Min_Learnig", "Max_Min_Learnig\Max_Min_Learnig.csproj", "{AB7EE0B1-20FA-4528-A82E-5C47D47D2DB9}"
EndProject
Global
	GlobalSection(SolutionConfigurationPlatforms) = preSolution
		Debug|Any CPU = Debug|Any CPU
		Release|Any CPU = Release|Any CPU
	EndGlobalSection
	GlobalSection(ProjectConfigurationPlatforms) = postSolution
		{AB7EE0B1-20FA-4528-A82E-5C47D47D2DB9}.Debug|Any CPU.ActiveCfg = Debug|Any CPU
		{AB7EE0B1-20FA-4528-A82E-5C47D47D2DB9}.Debug|Any CPU.Build.0 = Debug|Any CPU
		{AB7EE0B1-20FA-4528-A82E-5C47D47D2DB9}.Release|Any CPU.ActiveCfg = Release|Any CPU
		{AB7EE0B1-20FA-4528-A82E-5C47D47D2DB9}.Release|Any CPU.Build.0 = Release|Any CPU
	EndGlobalSection
	GlobalSection(SolutionProperties) = preSolution
		HideSolutionNode = FALSE
	EndGlobalSection
	GlobalSection(ExtensibilityGlobals) = postSolution
		SolutionGuid = {EC161B2C-AD47-427D-AAC7-69BFF3534964}
	EndGlobalSection
EndGlobal
